
Microsoft Visual Studio Solution File, Format Version 12.00
# Visual Studio 15
VisualStudioVersion = 15.0.27906.1
MinimumVisualStudioVersion = 10.0.40219.1
Project("{FAE04EC0-301F-11D3-BF4B-00C04F79EFBC}") = "EFCoreArgumentExceptionIssue", "EFCoreArgumentExceptionIssue\EFCoreArgumentExceptionIssue.csproj", "{AB3ED2CA-6FD2-49E0-A7D3-861D89E6728A}"
EndProject
Global
	GlobalSection(SolutionConfigurationPlatforms) = preSolution
		Debug|Any CPU = Debug|Any CPU
		Release|Any CPU = Release|Any CPU
	EndGlobalSection
	GlobalSection(ProjectConfigurationPlatforms) = postSolution
		{AB3ED2CA-6FD2-49E0-A7D3-861D89E6728A}.Debug|Any CPU.ActiveCfg = Debug|Any CPU
		{AB3ED2CA-6FD2-49E0-A7D3-861D89E6728A}.Debug|Any CPU.Build.0 = Debug|Any CPU
		{AB3ED2CA-6FD2-49E0-A7D3-861D89E6728A}.Release|Any CPU.ActiveCfg = Release|Any CPU
		{AB3ED2CA-6FD2-49E0-A7D3-861D89E6728A}.Release|Any CPU.Build.0 = Release|Any CPU
	EndGlobalSection
	GlobalSection(SolutionProperties) = preSolution
		HideSolutionNode = FALSE
	EndGlobalSection
	GlobalSection(ExtensibilityGlobals) = postSolution
		SolutionGuid = {3132FC85-DAEA-45E2-8E6A-2263FE7DA928}
	EndGlobalSection
EndGlobal
